<?xml version="1.0" encoding="utf-8"?>
<Project ToolsVersion="4.0" xmlns="http://schemas.microsoft.com/developer/msbuild/2003">
  <ItemGroup>
    <Filter Include="Caxi">
      <UniqueIdentifier>{6A79837C-56B0-840D-FF9C-6A10EBB2000F}</UniqueIdentifier>
    </Filter>
  </ItemGroup>
  <ItemGroup>
    <ClInclude Include="src\Caxi.h" />
    <ClInclude Include="src\Caxi\Application.h">
      <Filter>Caxi</Filter>
    </ClInclude>
    <ClInclude Include="src\Caxi\Core.h">
      <Filter>Caxi</Filter>
    </ClInclude>
    <ClInclude Include="src\Caxi\EntryPoint.h">
      <Filter>Caxi</Filter>
    </ClInclude>
    <ClInclude Include="src\Caxi\Log.h">
      <Filter>Caxi</Filter>
    </ClInclude>
  </ItemGroup>
  <ItemGroup>
    <ClCompile Include="src\Caxi\Application.cpp">
      <Filter>Caxi</Filter>
    </ClCompile>
    <ClCompile Include="src\Caxi\Log.cpp">
      <Filter>Caxi</Filter>
    </ClCompile>
  </ItemGroup>
</Project>